
Microsoft Visual Studio Solution File, Format Version 12.00
# Visual Studio 2012
Project("{FAE04EC0-301F-11D3-BF4B-00C04F79EFBC}") = "SumOfTwo.Tests", "SumOfTwo.Tests\SumOfTwo.Tests.csproj", "{2165DA6D-FB1F-43EB-B37F-423F3A0CC510}"
EndProject
Project("{FAE04EC0-301F-11D3-BF4B-00C04F79EFBC}") = "SumOfTwo", "SumOfTwo\SumOfTwo.csproj", "{B4EF72AB-2EBE-4C4F-89BA-B9E4B2855E8E}"
EndProject
Global
	GlobalSection(SolutionConfigurationPlatforms) = preSolution
		Debug|x86 = Debug|x86
		Release|x86 = Release|x86
	EndGlobalSection
	GlobalSection(ProjectConfigurationPlatforms) = postSolution
		{2165DA6D-FB1F-43EB-B37F-423F3A0CC510}.Debug|x86.ActiveCfg = Debug|Any CPU
		{2165DA6D-FB1F-43EB-B37F-423F3A0CC510}.Debug|x86.Build.0 = Debug|Any CPU
		{2165DA6D-FB1F-43EB-B37F-423F3A0CC510}.Release|x86.ActiveCfg = Release|Any CPU
		{2165DA6D-FB1F-43EB-B37F-423F3A0CC510}.Release|x86.Build.0 = Release|Any CPU
		{B4EF72AB-2EBE-4C4F-89BA-B9E4B2855E8E}.Debug|x86.ActiveCfg = Debug|Any CPU
		{B4EF72AB-2EBE-4C4F-89BA-B9E4B2855E8E}.Debug|x86.Build.0 = Debug|Any CPU
		{B4EF72AB-2EBE-4C4F-89BA-B9E4B2855E8E}.Release|x86.ActiveCfg = Release|Any CPU
		{B4EF72AB-2EBE-4C4F-89BA-B9E4B2855E8E}.Release|x86.Build.0 = Release|Any CPU
	EndGlobalSection
EndGlobal
