
Microsoft Visual Studio Solution File, Format Version 12.00
# Visual Studio 15
VisualStudioVersion = 15.0.27413.0
MinimumVisualStudioVersion = 10.0.40219.1
Project("{FAE04EC0-301F-11D3-BF4B-00C04F79EFBC}") = "EntropyCalculation", "EntropyCalculation\EntropyCalculation.csproj", "{D17EA8BB-A222-41BB-80A1-30B4EE75793F}"
EndProject
Project("{FAE04EC0-301F-11D3-BF4B-00C04F79EFBC}") = "EntropyCalculation.Tests", "EntropyCalculation.Tests\EntropyCalculation.Tests.csproj", "{49650838-B240-4E89-A094-028B69A5B7A3}"
EndProject
Global
	GlobalSection(SolutionConfigurationPlatforms) = preSolution
		Debug|Any CPU = Debug|Any CPU
		Release|Any CPU = Release|Any CPU
	EndGlobalSection
	GlobalSection(ProjectConfigurationPlatforms) = postSolution
		{D17EA8BB-A222-41BB-80A1-30B4EE75793F}.Debug|Any CPU.ActiveCfg = Debug|Any CPU
		{D17EA8BB-A222-41BB-80A1-30B4EE75793F}.Debug|Any CPU.Build.0 = Debug|Any CPU
		{D17EA8BB-A222-41BB-80A1-30B4EE75793F}.Release|Any CPU.ActiveCfg = Release|Any CPU
		{D17EA8BB-A222-41BB-80A1-30B4EE75793F}.Release|Any CPU.Build.0 = Release|Any CPU
		{49650838-B240-4E89-A094-028B69A5B7A3}.Debug|Any CPU.ActiveCfg = Debug|Any CPU
		{49650838-B240-4E89-A094-028B69A5B7A3}.Debug|Any CPU.Build.0 = Debug|Any CPU
		{49650838-B240-4E89-A094-028B69A5B7A3}.Release|Any CPU.ActiveCfg = Release|Any CPU
		{49650838-B240-4E89-A094-028B69A5B7A3}.Release|Any CPU.Build.0 = Release|Any CPU
	EndGlobalSection
	GlobalSection(SolutionProperties) = preSolution
		HideSolutionNode = FALSE
	EndGlobalSection
	GlobalSection(ExtensibilityGlobals) = postSolution
		SolutionGuid = {DBDC69A2-4F00-479F-9DD5-78ECE3B8E4BE}
	EndGlobalSection
EndGlobal
